
Microsoft Visual Studio Solution File, Format Version 12.00
# Visual Studio Version 17
VisualStudioVersion = 17.6.33815.320
MinimumVisualStudioVersion = 10.0.40219.1
Project("{FAE04EC0-301F-11D3-BF4B-00C04F79EFBC}") = "DataBaseTransportCompany", "DataBaseTransportCompany\DataBaseTransportCompany.csproj", "{33C8CB5A-BC53-46EE-BC98-1CDB104ECAC4}"
EndProject
Global
	GlobalSection(SolutionConfigurationPlatforms) = preSolution
		Debug|Any CPU = Debug|Any CPU
		Release|Any CPU = Release|Any CPU
	EndGlobalSection
	GlobalSection(ProjectConfigurationPlatforms) = postSolution
		{33C8CB5A-BC53-46EE-BC98-1CDB104ECAC4}.Debug|Any CPU.ActiveCfg = Debug|Any CPU
		{33C8CB5A-BC53-46EE-BC98-1CDB104ECAC4}.Debug|Any CPU.Build.0 = Debug|Any CPU
		{33C8CB5A-BC53-46EE-BC98-1CDB104ECAC4}.Release|Any CPU.ActiveCfg = Release|Any CPU
		{33C8CB5A-BC53-46EE-BC98-1CDB104ECAC4}.Release|Any CPU.Build.0 = Release|Any CPU
	EndGlobalSection
	GlobalSection(SolutionProperties) = preSolution
		HideSolutionNode = FALSE
	EndGlobalSection
	GlobalSection(ExtensibilityGlobals) = postSolution
		SolutionGuid = {FDA925AA-0B7C-451A-89EF-C9BBC026D226}
	EndGlobalSection
EndGlobal
